
Microsoft Visual Studio Solution File, Format Version 12.00
# Visual Studio Version 16
VisualStudioVersion = 16.0.30114.105
MinimumVisualStudioVersion = 10.0.40219.1
Project("{FAE04EC0-301F-11D3-BF4B-00C04F79EFBC}") = "weather", "src\weather.csproj", "{2CD6D06B-F4DB-4742-B36B-9606BD63F7A6}"
EndProject
Project("{FAE04EC0-301F-11D3-BF4B-00C04F79EFBC}") = "test", "test\test.csproj", "{8CB1AEB5-A41F-44DF-8E28-D4905B93441A}"
EndProject
Global
	GlobalSection(SolutionConfigurationPlatforms) = preSolution
		Debug|Any CPU = Debug|Any CPU
		Release|Any CPU = Release|Any CPU
	EndGlobalSection
	GlobalSection(SolutionProperties) = preSolution
		HideSolutionNode = FALSE
	EndGlobalSection
	GlobalSection(ProjectConfigurationPlatforms) = postSolution
		{2CD6D06B-F4DB-4742-B36B-9606BD63F7A6}.Debug|Any CPU.ActiveCfg = Debug|Any CPU
		{2CD6D06B-F4DB-4742-B36B-9606BD63F7A6}.Debug|Any CPU.Build.0 = Debug|Any CPU
		{2CD6D06B-F4DB-4742-B36B-9606BD63F7A6}.Release|Any CPU.ActiveCfg = Release|Any CPU
		{2CD6D06B-F4DB-4742-B36B-9606BD63F7A6}.Release|Any CPU.Build.0 = Release|Any CPU
		{8CB1AEB5-A41F-44DF-8E28-D4905B93441A}.Debug|Any CPU.ActiveCfg = Debug|Any CPU
		{8CB1AEB5-A41F-44DF-8E28-D4905B93441A}.Debug|Any CPU.Build.0 = Debug|Any CPU
		{8CB1AEB5-A41F-44DF-8E28-D4905B93441A}.Release|Any CPU.ActiveCfg = Release|Any CPU
		{8CB1AEB5-A41F-44DF-8E28-D4905B93441A}.Release|Any CPU.Build.0 = Release|Any CPU
	EndGlobalSection
EndGlobal
